// !$*UTF8*$!
{
	archiveVersion = 1;
	classes = {
	};
	objectVersion = 56;
	objects = {

/* Begin PBXBuildFile section */
		323DBA2129C7FA7D0075AB1B /* SwiftUI_GPT_LabApp.swift in Sources */ = {isa = PBXBuildFile; fileRef = 323DBA2029C7FA7D0075AB1B /* SwiftUI_GPT_LabApp.swift */; };
		323DBA2529C7FA7F0075AB1B /* Assets.xcassets in Resources */ = {isa = PBXBuildFile; fileRef = 323DBA2429C7FA7F0075AB1B /* Assets.xcassets */; };
		323DBA2829C7FA7F0075AB1B /* Preview Assets.xcassets in Resources */ = {isa = PBXBuildFile; fileRef = 323DBA2729C7FA7F0075AB1B /* Preview Assets.xcassets */; };
		323DBA3229C7FA7F0075AB1B /* SwiftUI_GPT_LabTests.swift in Sources */ = {isa = PBXBuildFile; fileRef = 323DBA3129C7FA7F0075AB1B /* SwiftUI_GPT_LabTests.swift */; };
		323DBA3C29C7FA7F0075AB1B /* SwiftUI_GPT_LabUITests.swift in Sources */ = {isa = PBXBuildFile; fileRef = 323DBA3B29C7FA7F0075AB1B /* SwiftUI_GPT_LabUITests.swift */; };
		323DBA3E29C7FA7F0075AB1B /* SwiftUI_GPT_LabUITestsLaunchTests.swift in Sources */ = {isa = PBXBuildFile; fileRef = 323DBA3D29C7FA7F0075AB1B /* SwiftUI_GPT_LabUITestsLaunchTests.swift */; };
		323DBA4D29C7FBFC0075AB1B /* SplitView.swift in Sources */ = {isa = PBXBuildFile; fileRef = 323DBA4C29C7FBFC0075AB1B /* SplitView.swift */; };
		323DBA5129C802880075AB1B /* MatrixRainView.swift in Sources */ = {isa = PBXBuildFile; fileRef = 323DBA5029C802880075AB1B /* MatrixRainView.swift */; };
		69E21D8129D5C9E700D7F093 /* BubblesView.swift in Sources */ = {isa = PBXBuildFile; fileRef = 69E21D8029D5C9E700D7F093 /* BubblesView.swift */; };
/* End PBXBuildFile section */

/* Begin PBXContainerItemProxy section */
		323DBA2E29C7FA7F0075AB1B /* PBXContainerItemProxy */ = {
			isa = PBXContainerItemProxy;
			containerPortal = 323DBA1529C7FA7D0075AB1B /* Project object */;
			proxyType = 1;
			remoteGlobalIDString = 323DBA1C29C7FA7D0075AB1B;
			remoteInfo = "SwiftUI-GPT-Lab";
		};
		323DBA3829C7FA7F0075AB1B /* PBXContainerItemProxy */ = {
			isa = PBXContainerItemProxy;
			containerPortal = 323DBA1529C7FA7D0075AB1B /* Project object */;
			proxyType = 1;
			remoteGlobalIDString = 323DBA1C29C7FA7D0075AB1B;
			remoteInfo = "SwiftUI-GPT-Lab";
		};
/* End PBXContainerItemProxy section */

/* Begin PBXFileReference section */
		323DBA1D29C7FA7D0075AB1B /* SwiftUI-GPT-Lab.app */ = {isa = PBXFileReference; explicitFileType = wrapper.application; includeInIndex = 0; path = "SwiftUI-GPT-Lab.app"; sourceTree = BUILT_PRODUCTS_DIR; };
		323DBA2029C7FA7D0075AB1B /* SwiftUI_GPT_LabApp.swift */ = {isa = PBXFileReference; lastKnownFileType = sourcecode.swift; path = SwiftUI_GPT_LabApp.swift; sourceTree = "<group>"; };
		323DBA2429C7FA7F0075AB1B /* Assets.xcassets */ = {isa = PBXFileReference; lastKnownFileType = folder.assetcatalog; path = Assets.xcassets; sourceTree = "<group>"; };
		323DBA2729C7FA7F0075AB1B /* Preview Assets.xcassets */ = {isa = PBXFileReference; lastKnownFileType = folder.assetcatalog; path = "Preview Assets.xcassets"; sourceTree = "<group>"; };
		323DBA2D29C7FA7F0075AB1B /* SwiftUI-GPT-LabTests.xctest */ = {isa = PBXFileReference; explicitFileType = wrapper.cfbundle; includeInIndex = 0; path = "SwiftUI-GPT-LabTests.xctest"; sourceTree = BUILT_PRODUCTS_DIR; };
		323DBA3129C7FA7F0075AB1B /* SwiftUI_GPT_LabTests.swift */ = {isa = PBXFileReference; lastKnownFileType = sourcecode.swift; path = SwiftUI_GPT_LabTests.swift; sourceTree = "<group>"; };
		323DBA3729C7FA7F0075AB1B /* SwiftUI-GPT-LabUITests.xctest */ = {isa = PBXFileReference; explicitFileType = wrapper.cfbundle; includeInIndex = 0; path = "SwiftUI-GPT-LabUITests.xctest"; sourceTree = BUILT_PRODUCTS_DIR; };
		323DBA3B29C7FA7F0075AB1B /* SwiftUI_GPT_LabUITests.swift */ = {isa = PBXFileReference; lastKnownFileType = sourcecode.swift; path = SwiftUI_GPT_LabUITests.swift; sourceTree = "<group>"; };
		323DBA3D29C7FA7F0075AB1B /* SwiftUI_GPT_LabUITestsLaunchTests.swift */ = {isa = PBXFileReference; lastKnownFileType = sourcecode.swift; path = SwiftUI_GPT_LabUITestsLaunchTests.swift; sourceTree = "<group>"; };
		323DBA4C29C7FBFC0075AB1B /* SplitView.swift */ = {isa = PBXFileReference; lastKnownFileType = sourcecode.swift; path = SplitView.swift; sourceTree = "<group>"; };
		323DBA5029C802880075AB1B /* MatrixRainView.swift */ = {isa = PBXFileReference; lastKnownFileType = sourcecode.swift; path = MatrixRainView.swift; sourceTree = "<group>"; };
		323DBA5229C803DC0075AB1B /* README.md */ = {isa = PBXFileReference; lastKnownFileType = net.daringfireball.markdown; path = README.md; sourceTree = "<group>"; };
		69E21D8029D5C9E700D7F093 /* BubblesView.swift */ = {isa = PBXFileReference; lastKnownFileType = sourcecode.swift; path = BubblesView.swift; sourceTree = "<group>"; };
/* End PBXFileReference section */

/* Begin PBXFrameworksBuildPhase section */
		323DBA1A29C7FA7D0075AB1B /* Frameworks */ = {
			isa = PBXFrameworksBuildPhase;
			buildActionMask = 2147483647;
			files = (
			);
			runOnlyForDeploymentPostprocessing = 0;
		};
		323DBA2A29C7FA7F0075AB1B /* Frameworks */ = {
			isa = PBXFrameworksBuildPhase;
			buildActionMask = 2147483647;
			files = (
			);
			runOnlyForDeploymentPostprocessing = 0;
		};
		323DBA3429C7FA7F0075AB1B /* Frameworks */ = {
			isa = PBXFrameworksBuildPhase;
			buildActionMask = 2147483647;
			files = (
			);
			runOnlyForDeploymentPostprocessing = 0;
		};
/* End PBXFrameworksBuildPhase section */

/* Begin PBXGroup section */
		323DBA1429C7FA7D0075AB1B = {
			isa = PBXGroup;
			children = (
				323DBA5229C803DC0075AB1B /* README.md */,
				323DBA1F29C7FA7D0075AB1B /* SwiftUI-GPT-Lab */,
				323DBA3029C7FA7F0075AB1B /* SwiftUI-GPT-LabTests */,
				323DBA3A29C7FA7F0075AB1B /* SwiftUI-GPT-LabUITests */,
				323DBA1E29C7FA7D0075AB1B /* Products */,
			);
			sourceTree = "<group>";
		};
		323DBA1E29C7FA7D0075AB1B /* Products */ = {
			isa = PBXGroup;
			children = (
				323DBA1D29C7FA7D0075AB1B /* SwiftUI-GPT-Lab.app */,
				323DBA2D29C7FA7F0075AB1B /* SwiftUI-GPT-LabTests.xctest */,
				323DBA3729C7FA7F0075AB1B /* SwiftUI-GPT-LabUITests.xctest */,
			);
			name = Products;
			sourceTree = "<group>";
		};
		323DBA1F29C7FA7D0075AB1B /* SwiftUI-GPT-Lab */ = {
			isa = PBXGroup;
			children = (
				323DBA2029C7FA7D0075AB1B /* SwiftUI_GPT_LabApp.swift */,
				323DBA4C29C7FBFC0075AB1B /* SplitView.swift */,
				323DBA5029C802880075AB1B /* MatrixRainView.swift */,
				69E21D8029D5C9E700D7F093 /* BubblesView.swift */,
				323DBA2429C7FA7F0075AB1B /* Assets.xcassets */,
				323DBA2629C7FA7F0075AB1B /* Preview Content */,
			);
			path = "SwiftUI-GPT-Lab";
			sourceTree = "<group>";
		};
		323DBA2629C7FA7F0075AB1B /* Preview Content */ = {
			isa = PBXGroup;
			children = (
				323DBA2729C7FA7F0075AB1B /* Preview Assets.xcassets */,
			);
			path = "Preview Content";
			sourceTree = "<group>";
		};
		323DBA3029C7FA7F0075AB1B /* SwiftUI-GPT-LabTests */ = {
			isa = PBXGroup;
			children = (
				323DBA3129C7FA7F0075AB1B /* SwiftUI_GPT_LabTests.swift */,
			);
			path = "SwiftUI-GPT-LabTests";
			sourceTree = "<group>";
		};
		323DBA3A29C7FA7F0075AB1B /* SwiftUI-GPT-LabUITests */ = {
			isa = PBXGroup;
			children = (
				323DBA3B29C7FA7F0075AB1B /* SwiftUI_GPT_LabUITests.swift */,
				323DBA3D29C7FA7F0075AB1B /* SwiftUI_GPT_LabUITestsLaunchTests.swift */,
			);
			path = "SwiftUI-GPT-LabUITests";
			sourceTree = "<group>";
		};
/* End PBXGroup section */

/* Begin PBXNativeTarget section */
		323DBA1C29C7FA7D0075AB1B /* SwiftUI-GPT-Lab */ = {
			isa = PBXNativeTarget;
			buildConfigurationList = 323DBA4129C7FA7F0075AB1B /* Build configuration list for PBXNativeTarget "SwiftUI-GPT-Lab" */;
			buildPhases = (
				323DBA1929C7FA7D0075AB1B /* Sources */,
				323DBA1A29C7FA7D0075AB1B /* Frameworks */,
				323DBA1B29C7FA7D0075AB1B /* Resources */,
			);
			buildRules = (
			);
			dependencies = (
			);
			name = "SwiftUI-GPT-Lab";
			productName = "SwiftUI-GPT-Lab";
			productReference = 323DBA1D29C7FA7D0075AB1B /* SwiftUI-GPT-Lab.app */;
			productType = "com.apple.product-type.application";
		};
		323DBA2C29C7FA7F0075AB1B /* SwiftUI-GPT-LabTests */ = {
			isa = PBXNativeTarget;
			buildConfigurationList = 323DBA4429C7FA7F0075AB1B /* Build configuration list for PBXNativeTarget "SwiftUI-GPT-LabTests" */;
			buildPhases = (
				323DBA2929C7FA7F0075AB1B /* Sources */,
				323DBA2A29C7FA7F0075AB1B /* Frameworks */,
				323DBA2B29C7FA7F0075AB1B /* Resources */,
			);
			buildRules = (
			);
			dependencies = (
				323DBA2F29C7FA7F0075AB1B /* PBXTargetDependency */,
			);
			name = "SwiftUI-GPT-LabTests";
			productName = "SwiftUI-GPT-LabTests";
			productReference = 323DBA2D29C7FA7F0075AB1B /* SwiftUI-GPT-LabTests.xctest */;
			productType = "com.apple.product-type.bundle.unit-test";
		};
		323DBA3629C7FA7F0075AB1B /* SwiftUI-GPT-LabUITests */ = {
			isa = PBXNativeTarget;
			buildConfigurationList = 323DBA4729C7FA7F0075AB1B /* Build configuration list for PBXNativeTarget "SwiftUI-GPT-LabUITests" */;
			buildPhases = (
				323DBA3329C7FA7F0075AB1B /* Sources */,
				323DBA3429C7FA7F0075AB1B /* Frameworks */,
				323DBA3529C7FA7F0075AB1B /* Resources */,
			);
			buildRules = (
			);
			dependencies = (
				323DBA3929C7FA7F0075AB1B /* PBXTargetDependency */,
			);
			name = "SwiftUI-GPT-LabUITests";
			productName = "SwiftUI-GPT-LabUITests";
			productReference = 323DBA3729C7FA7F0075AB1B /* SwiftUI-GPT-LabUITests.xctest */;
			productType = "com.apple.product-type.bundle.ui-testing";
		};
/* End PBXNativeTarget section */

/* Begin PBXProject section */
		323DBA1529C7FA7D0075AB1B /* Project object */ = {
			isa = PBXProject;
			attributes = {
				BuildIndependentTargetsInParallel = 1;
				LastSwiftUpdateCheck = 1420;
				LastUpgradeCheck = 1420;
				TargetAttributes = {
					323DBA1C29C7FA7D0075AB1B = {
						CreatedOnToolsVersion = 14.2;
					};
					323DBA2C29C7FA7F0075AB1B = {
						CreatedOnToolsVersion = 14.2;
						TestTargetID = 323DBA1C29C7FA7D0075AB1B;
					};
					323DBA3629C7FA7F0075AB1B = {
						CreatedOnToolsVersion = 14.2;
						TestTargetID = 323DBA1C29C7FA7D0075AB1B;
					};
				};
			};
			buildConfigurationList = 323DBA1829C7FA7D0075AB1B /* Build configuration list for PBXProject "SwiftUI-GPT-Lab" */;
			compatibilityVersion = "Xcode 14.0";
			developmentRegion = en;
			hasScannedForEncodings = 0;
			knownRegions = (
				en,
				Base,
			);
			mainGroup = 323DBA1429C7FA7D0075AB1B;
			productRefGroup = 323DBA1E29C7FA7D0075AB1B /* Products */;
			projectDirPath = "";
			projectRoot = "";
			targets = (
				323DBA1C29C7FA7D0075AB1B /* SwiftUI-GPT-Lab */,
				323DBA2C29C7FA7F0075AB1B /* SwiftUI-GPT-LabTests */,
				323DBA3629C7FA7F0075AB1B /* SwiftUI-GPT-LabUITests */,
			);
		};
/* End PBXProject section */

/* Begin PBXResourcesBuildPhase section */
		323DBA1B29C7FA7D0075AB1B /* Resources */ = {
			isa = PBXResourcesBuildPhase;
			buildActionMask = 2147483647;
			files = (
				323DBA2829C7FA7F0075AB1B /* Preview Assets.xcassets in Resources */,
				323DBA2529C7FA7F0075AB1B /* Assets.xcassets in Resources */,
			);
			runOnlyForDeploymentPostprocessing = 0;
		};
		323DBA2B29C7FA7F0075AB1B /* Resources */ = {
			isa = PBXResourcesBuildPhase;
			buildActionMask = 2147483647;
			files = (
			);
			runOnlyForDeploymentPostprocessing = 0;
		};
		323DBA3529C7FA7F0075AB1B /* Resources */ = {
			isa = PBXResourcesBuildPhase;
			buildActionMask = 2147483647;
			files = (
			);
			runOnlyForDeploymentPostprocessing = 0;
		};
/* End PBXResourcesBuildPhase section */

/* Begin PBXSourcesBuildPhase section */
		323DBA1929C7FA7D0075AB1B /* Sources */ = {
			isa = PBXSourcesBuildPhase;
			buildActionMask = 2147483647;
			files = (
				323DBA2129C7FA7D0075AB1B /* SwiftUI_GPT_LabApp.swift in Sources */,
				323DBA4D29C7FBFC0075AB1B /* SplitView.swift in Sources */,
				69E21D8129D5C9E700D7F093 /* BubblesView.swift in Sources */,
				323DBA5129C802880075AB1B /* MatrixRainView.swift in Sources */,
			);
			runOnlyForDeploymentPostprocessing = 0;
		};
		323DBA2929C7FA7F0075AB1B /* Sources */ = {
			isa = PBXSourcesBuildPhase;
			buildActionMask = 2147483647;
			files = (
				323DBA3229C7FA7F0075AB1B /* SwiftUI_GPT_LabTests.swift in Sources */,
			);
			runOnlyForDeploymentPostprocessing = 0;
		};
		323DBA3329C7FA7F0075AB1B /* Sources */ = {
			isa = PBXSourcesBuildPhase;
			buildActionMask = 2147483647;
			files = (
				323DBA3E29C7FA7F0075AB1B /* SwiftUI_GPT_LabUITestsLaunchTests.swift in Sources */,
				323DBA3C29C7FA7F0075AB1B /* SwiftUI_GPT_LabUITests.swift in Sources */,
			);
			runOnlyForDeploymentPostprocessing = 0;
		};
/* End PBXSourcesBuildPhase section */

/* Begin PBXTargetDependency section */
		323DBA2F29C7FA7F0075AB1B /* PBXTargetDependency */ = {
			isa = PBXTargetDependency;
			target = 323DBA1C29C7FA7D0075AB1B /* SwiftUI-GPT-Lab */;
			targetProxy = 323DBA2E29C7FA7F0075AB1B /* PBXContainerItemProxy */;
		};
		323DBA3929C7FA7F0075AB1B /* PBXTargetDependency */ = {
			isa = PBXTargetDependency;
			target = 323DBA1C29C7FA7D0075AB1B /* SwiftUI-GPT-Lab */;
			targetProxy = 323DBA3829C7FA7F0075AB1B /* PBXContainerItemProxy */;
		};
/* End PBXTargetDependency section */

/* Begin XCBuildConfiguration section */
		323DBA3F29C7FA7F0075AB1B /* Debug */ = {
			isa = XCBuildConfiguration;
			buildSettings = {
				ALWAYS_SEARCH_USER_PATHS = NO;
				CLANG_ANALYZER_NONNULL = YES;
				CLANG_ANALYZER_NUMBER_OBJECT_CONVERSION = YES_AGGRESSIVE;
				CLANG_CXX_LANGUAGE_STANDARD = "gnu++20";
				CLANG_ENABLE_MODULES = YES;
				CLANG_ENABLE_OBJC_ARC = YES;
				CLANG_ENABLE_OBJC_WEAK = YES;
				CLANG_WARN_BLOCK_CAPTURE_AUTORELEASING = YES;
				CLANG_WARN_BOOL_CONVERSION = YES;
				CLANG_WARN_COMMA = YES;
				CLANG_WARN_CONSTANT_CONVERSION = YES;
				CLANG_WARN_DEPRECATED_OBJC_IMPLEMENTATIONS = YES;
				CLANG_WARN_DIRECT_OBJC_ISA_USAGE = YES_ERROR;
				CLANG_WARN_DOCUMENTATION_COMMENTS = YES;
				CLANG_WARN_EMPTY_BODY = YES;
				CLANG_WARN_ENUM_CONVERSION = YES;
				CLANG_WARN_INFINITE_RECURSION = YES;
				CLANG_WARN_INT_CONVERSION = YES;
				CLANG_WARN_NON_LITERAL_NULL_CONVERSION = YES;
				CLANG_WARN_OBJC_IMPLICIT_RETAIN_SELF = YES;
				CLANG_WARN_OBJC_LITERAL_CONVERSION = YES;
				CLANG_WARN_OBJC_ROOT_CLASS = YES_ERROR;
				CLANG_WARN_QUOTED_INCLUDE_IN_FRAMEWORK_HEADER = YES;
				CLANG_WARN_RANGE_LOOP_ANALYSIS = YES;
				CLANG_WARN_STRICT_PROTOTYPES = YES;
				CLANG_WARN_SUSPICIOUS_MOVE = YES;
				CLANG_WARN_UNGUARDED_AVAILABILITY = YES_AGGRESSIVE;
				CLANG_WARN_UNREACHABLE_CODE = YES;
				CLANG_WARN__DUPLICATE_METHOD_MATCH = YES;
				COPY_PHASE_STRIP = NO;
				DEBUG_INFORMATION_FORMAT = dwarf;
				ENABLE_STRICT_OBJC_MSGSEND = YES;
				ENABLE_TESTABILITY = YES;
				GCC_C_LANGUAGE_STANDARD = gnu11;
				GCC_DYNAMIC_NO_PIC = NO;
				GCC_NO_COMMON_BLOCKS = YES;
				GCC_OPTIMIZATION_LEVEL = 0;
				GCC_PREPROCESSOR_DEFINITIONS = (
					"DEBUG=1",
					"$(inherited)",
				);
				GCC_WARN_64_TO_32_BIT_CONVERSION = YES;
				GCC_WARN_ABOUT_RETURN_TYPE = YES_ERROR;
				GCC_WARN_UNDECLARED_SELECTOR = YES;
				GCC_WARN_UNINITIALIZED_AUTOS = YES_AGGRESSIVE;
				GCC_WARN_UNUSED_FUNCTION = YES;
				GCC_WARN_UNUSED_VARIABLE = YES;
				IPHONEOS_DEPLOYMENT_TARGET = 16.0;
				MACOSX_DEPLOYMENT_TARGET = 13.0;
				MTL_ENABLE_DEBUG_INFO = INCLUDE_SOURCE;
				MTL_FAST_MATH = YES;
				ONLY_ACTIVE_ARCH = YES;
				SDKROOT = iphoneos;
				SWIFT_ACTIVE_COMPILATION_CONDITIONS = DEBUG;
				SWIFT_OPTIMIZATION_LEVEL = "-Onone";
			};
			name = Debug;
		};
		323DBA4029C7FA7F0075AB1B /* Release */ = {
			isa = XCBuildConfiguration;
			buildSettings = {
				ALWAYS_SEARCH_USER_PATHS = NO;
				CLANG_ANALYZER_NONNULL = YES;
				CLANG_ANALYZER_NUMBER_OBJECT_CONVERSION = YES_AGGRESSIVE;
				CLANG_CXX_LANGUAGE_STANDARD = "gnu++20";
				CLANG_ENABLE_MODULES = YES;
				CLANG_ENABLE_OBJC_ARC = YES;
				CLANG_ENABLE_OBJC_WEAK = YES;
				CLANG_WARN_BLOCK_CAPTURE_AUTORELEASING = YES;
				CLANG_WARN_BOOL_CONVERSION = YES;
				CLANG_WARN_COMMA = YES;
				CLANG_WARN_CONSTANT_CONVERSION = YES;
				CLANG_WARN_DEPRECATED_OBJC_IMPLEMENTATIONS = YES;
				CLANG_WARN_DIRECT_OBJC_ISA_USAGE = YES_ERROR;
				CLANG_WARN_DOCUMENTATION_COMMENTS = YES;
				CLANG_WARN_EMPTY_BODY = YES;
				CLANG_WARN_ENUM_CONVERSION = YES;
				CLANG_WARN_INFINITE_RECURSION = YES;
				CLANG_WARN_INT_CONVERSION = YES;
				CLANG_WARN_NON_LITERAL_NULL_CONVERSION = YES;
				CLANG_WARN_OBJC_IMPLICIT_RETAIN_SELF = YES;
				CLANG_WARN_OBJC_LITERAL_CONVERSION = YES;
				CLANG_WARN_OBJC_ROOT_CLASS = YES_ERROR;
				CLANG_WARN_QUOTED_INCLUDE_IN_FRAMEWORK_HEADER = YES;
				CLANG_WARN_RANGE_LOOP_ANALYSIS = YES;
				CLANG_WARN_STRICT_PROTOTYPES = YES;
				CLANG_WARN_SUSPICIOUS_MOVE = YES;
				CLANG_WARN_UNGUARDED_AVAILABILITY = YES_AGGRESSIVE;
				CLANG_WARN_UNREACHABLE_CODE = YES;
				CLANG_WARN__DUPLICATE_METHOD_MATCH = YES;
				COPY_PHASE_STRIP = NO;
				DEBUG_INFORMATION_FORMAT = "dwarf-with-dsym";
				ENABLE_NS_ASSERTIONS = NO;
				ENABLE_STRICT_OBJC_MSGSEND = YES;
				GCC_C_LANGUAGE_STANDARD = gnu11;
				GCC_NO_COMMON_BLOCKS = YES;
				GCC_WARN_64_TO_32_BIT_CONVERSION = YES;
				GCC_WARN_ABOUT_RETURN_TYPE = YES_ERROR;
				GCC_WARN_UNDECLARED_SELECTOR = YES;
				GCC_WARN_UNINITIALIZED_AUTOS = YES_AGGRESSIVE;
				GCC_WARN_UNUSED_FUNCTION = YES;
				GCC_WARN_UNUSED_VARIABLE = YES;
				IPHONEOS_DEPLOYMENT_TARGET = 16.0;
				MACOSX_DEPLOYMENT_TARGET = 13.0;
				MTL_ENABLE_DEBUG_INFO = NO;
				MTL_FAST_MATH = YES;
				SDKROOT = iphoneos;
				SWIFT_COMPILATION_MODE = wholemodule;
				SWIFT_OPTIMIZATION_LEVEL = "-O";
				VALIDATE_PRODUCT = YES;
			};
			name = Release;
		};
		323DBA4229C7FA7F0075AB1B /* Debug */ = {
			isa = XCBuildConfiguration;
			buildSettings = {
				ASSETCATALOG_COMPILER_APPICON_NAME = AppIcon;
				ASSETCATALOG_COMPILER_GLOBAL_ACCENT_COLOR_NAME = AccentColor;
				CODE_SIGN_STYLE = Automatic;
				CURRENT_PROJECT_VERSION = 1;
				DEVELOPMENT_ASSET_PATHS = "\"SwiftUI-GPT-Lab/Preview Content\"";
				DEVELOPMENT_TEAM = JHT4FL54H9;
				ENABLE_PREVIEWS = YES;
				GENERATE_INFOPLIST_FILE = YES;
				INFOPLIST_KEY_UIApplicationSceneManifest_Generation = YES;
				INFOPLIST_KEY_UIApplicationSupportsIndirectInputEvents = YES;
				INFOPLIST_KEY_UILaunchScreen_Generation = YES;
				INFOPLIST_KEY_UISupportedInterfaceOrientations_iPad = "UIInterfaceOrientationPortrait UIInterfaceOrientationPortraitUpsideDown UIInterfaceOrientationLandscapeLeft UIInterfaceOrientationLandscapeRight";
				INFOPLIST_KEY_UISupportedInterfaceOrientations_iPhone = "UIInterfaceOrientationPortrait UIInterfaceOrientationLandscapeLeft UIInterfaceOrientationLandscapeRight";
				LD_RUNPATH_SEARCH_PATHS = (
					"$(inherited)",
					"@executable_path/Frameworks",
				);
				MARKETING_VERSION = 1.0;
				PRODUCT_BUNDLE_IDENTIFIER = "cool.zzzw.SwiftUI-GPT-Lab";
				PRODUCT_NAME = "$(TARGET_NAME)";
				SUPPORTED_PLATFORMS = "iphoneos iphonesimulator macosx";
				SUPPORTS_MACCATALYST = NO;
				SUPPORTS_MAC_DESIGNED_FOR_IPHONE_IPAD = NO;
				SWIFT_EMIT_LOC_STRINGS = YES;
				SWIFT_VERSION = 5.0;
				TARGETED_DEVICE_FAMILY = "1,2";
			};
			name = Debug;
		};
		323DBA4329C7FA7F0075AB1B /* Release */ = {
			isa = XCBuildConfiguration;
			buildSettings = {
				ASSETCATALOG_COMPILER_APPICON_NAME = AppIcon;
				ASSETCATALOG_COMPILER_GLOBAL_ACCENT_COLOR_NAME = AccentColor;
				CODE_SIGN_STYLE = Automatic;
				CURRENT_PROJECT_VERSION = 1;
				DEVELOPMENT_ASSET_PATHS = "\"SwiftUI-GPT-Lab/Preview Content\"";
				DEVELOPMENT_TEAM = JHT4FL54H9;
				ENABLE_PREVIEWS = YES;
				GENERATE_INFOPLIST_FILE = YES;
				INFOPLIST_KEY_UIApplicationSceneManifest_Generation = YES;
				INFOPLIST_KEY_UIApplicationSupportsIndirectInputEvents = YES;
				INFOPLIST_KEY_UILaunchScreen_Generation = YES;
				INFOPLIST_KEY_UISupportedInterfaceOrientations_iPad = "UIInterfaceOrientationPortrait UIInterfaceOrientationPortraitUpsideDown UIInterfaceOrientationLandscapeLeft UIInterfaceOrientationLandscapeRight";
				INFOPLIST_KEY_UISupportedInterfaceOrientations_iPhone = "UIInterfaceOrientationPortrait UIInterfaceOrientationLandscapeLeft UIInterfaceOrientationLandscapeRight";
				LD_RUNPATH_SEARCH_PATHS = (
					"$(inherited)",
					"@executable_path/Frameworks",
				);
				MARKETING_VERSION = 1.0;
				PRODUCT_BUNDLE_IDENTIFIER = "cool.zzzw.SwiftUI-GPT-Lab";
				PRODUCT_NAME = "$(TARGET_NAME)";
				SUPPORTED_PLATFORMS = "iphoneos iphonesimulator macosx";
				SUPPORTS_MACCATALYST = NO;
				SUPPORTS_MAC_DESIGNED_FOR_IPHONE_IPAD = NO;
				SWIFT_EMIT_LOC_STRINGS = YES;
				SWIFT_VERSION = 5.0;
				TARGETED_DEVICE_FAMILY = "1,2";
			};
			name = Release;
		};
		323DBA4529C7FA7F0075AB1B /* Debug */ = {
			isa = XCBuildConfiguration;
			buildSettings = {
				ALWAYS_EMBED_SWIFT_STANDARD_LIBRARIES = YES;
				BUNDLE_LOADER = "$(TEST_HOST)";
				CODE_SIGN_STYLE = Automatic;
				CURRENT_PROJECT_VERSION = 1;
				DEVELOPMENT_TEAM = JHT4FL54H9;
				GENERATE_INFOPLIST_FILE = YES;
				IPHONEOS_DEPLOYMENT_TARGET = 16.2;
				MARKETING_VERSION = 1.0;
				PRODUCT_BUNDLE_IDENTIFIER = "cool.zzzw.SwiftUI-GPT-LabTests";
				PRODUCT_NAME = "$(TARGET_NAME)";
				SWIFT_EMIT_LOC_STRINGS = NO;
				SWIFT_VERSION = 5.0;
				TARGETED_DEVICE_FAMILY = "1,2";
				TEST_HOST = "$(BUILT_PRODUCTS_DIR)/SwiftUI-GPT-Lab.app/$(BUNDLE_EXECUTABLE_FOLDER_PATH)/SwiftUI-GPT-Lab";
			};
			name = Debug;
		};
		323DBA4629C7FA7F0075AB1B /* Release */ = {
			isa = XCBuildConfiguration;
			buildSettings = {
				ALWAYS_EMBED_SWIFT_STANDARD_LIBRARIES = YES;
				BUNDLE_LOADER = "$(TEST_HOST)";
				CODE_SIGN_STYLE = Automatic;
				CURRENT_PROJECT_VERSION = 1;
				DEVELOPMENT_TEAM = JHT4FL54H9;
				GENERATE_INFOPLIST_FILE = YES;
				IPHONEOS_DEPLOYMENT_TARGET = 16.2;
				MARKETING_VERSION = 1.0;
				PRODUCT_BUNDLE_IDENTIFIER = "cool.zzzw.SwiftUI-GPT-LabTests";
				PRODUCT_NAME = "$(TARGET_NAME)";
				SWIFT_EMIT_LOC_STRINGS = NO;
				SWIFT_VERSION = 5.0;
				TARGETED_DEVICE_FAMILY = "1,2";
				TEST_HOST = "$(BUILT_PRODUCTS_DIR)/SwiftUI-GPT-Lab.app/$(BUNDLE_EXECUTABLE_FOLDER_PATH)/SwiftUI-GPT-Lab";
			};
			name = Release;
		};
		323DBA4829C7FA7F0075AB1B /* Debug */ = {
			isa = XCBuildConfiguration;
			buildSettings = {
				ALWAYS_EMBED_SWIFT_STANDARD_LIBRARIES = YES;
				CODE_SIGN_STYLE = Automatic;
				CURRENT_PROJECT_VERSION = 1;
				DEVELOPMENT_TEAM = JHT4FL54H9;
				GENERATE_INFOPLIST_FILE = YES;
				MARKETING_VERSION = 1.0;
				PRODUCT_BUNDLE_IDENTIFIER = "cool.zzzw.SwiftUI-GPT-LabUITests";
				PRODUCT_NAME = "$(TARGET_NAME)";
				SWIFT_EMIT_LOC_STRINGS = NO;
				SWIFT_VERSION = 5.0;
				TARGETED_DEVICE_FAMILY = "1,2";
				TEST_TARGET_NAME = "SwiftUI-GPT-Lab";
			};
			name = Debug;
		};
		323DBA4929C7FA7F0075AB1B /* Release */ = {
			isa = XCBuildConfiguration;
			buildSettings = {
				ALWAYS_EMBED_SWIFT_STANDARD_LIBRARIES = YES;
				CODE_SIGN_STYLE = Automatic;
				CURRENT_PROJECT_VERSION = 1;
				DEVELOPMENT_TEAM = JHT4FL54H9;
				GENERATE_INFOPLIST_FILE = YES;
				MARKETING_VERSION = 1.0;
				PRODUCT_BUNDLE_IDENTIFIER = "cool.zzzw.SwiftUI-GPT-LabUITests";
				PRODUCT_NAME = "$(TARGET_NAME)";
				SWIFT_EMIT_LOC_STRINGS = NO;
				SWIFT_VERSION = 5.0;
				TARGETED_DEVICE_FAMILY = "1,2";
				TEST_TARGET_NAME = "SwiftUI-GPT-Lab";
			};
			name = Release;
		};
/* End XCBuildConfiguration section */

/* Begin XCConfigurationList section */
		323DBA1829C7FA7D0075AB1B /* Build configuration list for PBXProject "SwiftUI-GPT-Lab" */ = {
			isa = XCConfigurationList;
			buildConfigurations = (
				323DBA3F29C7FA7F0075AB1B /* Debug */,
				323DBA4029C7FA7F0075AB1B /* Release */,
			);
			defaultConfigurationIsVisible = 0;
			defaultConfigurationName = Release;
		};
		323DBA4129C7FA7F0075AB1B /* Build configuration list for PBXNativeTarget "SwiftUI-GPT-Lab" */ = {
			isa = XCConfigurationList;
			buildConfigurations = (
				323DBA4229C7FA7F0075AB1B /* Debug */,
				323DBA4329C7FA7F0075AB1B /* Release */,
			);
			defaultConfigurationIsVisible = 0;
			defaultConfigurationName = Release;
		};
		323DBA4429C7FA7F0075AB1B /* Build configuration list for PBXNativeTarget "SwiftUI-GPT-LabTests" */ = {
			isa = XCConfigurationList;
			buildConfigurations = (
				323DBA4529C7FA7F0075AB1B /* Debug */,
				323DBA4629C7FA7F0075AB1B /* Release */,
			);
			defaultConfigurationIsVisible = 0;
			defaultConfigurationName = Release;
		};
		323DBA4729C7FA7F0075AB1B /* Build configuration list for PBXNativeTarget "SwiftUI-GPT-LabUITests" */ = {
			isa = XCConfigurationList;
			buildConfigurations = (
				323DBA4829C7FA7F0075AB1B /* Debug */,
				323DBA4929C7FA7F0075AB1B /* Release */,
			);
			defaultConfigurationIsVisible = 0;
			defaultConfigurationName = Release;
		};
/* End XCConfigurationList section */
	};
	rootObject = 323DBA1529C7FA7D0075AB1B /* Project object */;
}
